
Microsoft Visual Studio Solution File, Format Version 12.00
# Visual Studio Version 17
VisualStudioVersion = 17.14.36804.6 d17.14
MinimumVisualStudioVersion = 10.0.40219.1
Project("{FAE04EC0-301F-11D3-BF4B-00C04F79EFBC}") = "hoangngocthe_2123110488", "hoangngocthe_2123110488\hoangngocthe_2123110488.csproj", "{10B5BA89-5557-4951-85D8-49F49305B562}"
EndProject
Global
	GlobalSection(SolutionConfigurationPlatforms) = preSolution
		Debug|Any CPU = Debug|Any CPU
		Release|Any CPU = Release|Any CPU
	EndGlobalSection
	GlobalSection(ProjectConfigurationPlatforms) = postSolution
		{10B5BA89-5557-4951-85D8-49F49305B562}.Debug|Any CPU.ActiveCfg = Debug|Any CPU
		{10B5BA89-5557-4951-85D8-49F49305B562}.Debug|Any CPU.Build.0 = Debug|Any CPU
		{10B5BA89-5557-4951-85D8-49F49305B562}.Release|Any CPU.ActiveCfg = Release|Any CPU
		{10B5BA89-5557-4951-85D8-49F49305B562}.Release|Any CPU.Build.0 = Release|Any CPU
	EndGlobalSection
	GlobalSection(SolutionProperties) = preSolution
		HideSolutionNode = FALSE
	EndGlobalSection
	GlobalSection(ExtensibilityGlobals) = postSolution
		SolutionGuid = {C1857E0B-05B6-4937-9BCE-FA6A11949563}
	EndGlobalSection
EndGlobal
